
Microsoft Visual Studio Solution File, Format Version 12.00
# Visual Studio Version 16
VisualStudioVersion = 16.0.29025.244
MinimumVisualStudioVersion = 10.0.40219.1
Project("{FAE04EC0-301F-11D3-BF4B-00C04F79EFBC}") = "CustomerAPIServices", "CustomerAPIServices\CustomerAPIServices.csproj", "{221123CF-12A9-4073-B092-3816854BB404}"
EndProject
Project("{FAE04EC0-301F-11D3-BF4B-00C04F79EFBC}") = "ProductsApiServices", "ProductsApiServices\ProductsApiServices.csproj", "{C3F9E395-C3F0-455E-866C-04DE9206E90F}"
EndProject
Project("{FAE04EC0-301F-11D3-BF4B-00C04F79EFBC}") = "APIGateway", "APIGateway\APIGateway.csproj", "{D5CB00A8-F238-465C-B343-78380DDAA395}"
EndProject
Global
	GlobalSection(SolutionConfigurationPlatforms) = preSolution
		Debug|Any CPU = Debug|Any CPU
		Release|Any CPU = Release|Any CPU
	EndGlobalSection
	GlobalSection(ProjectConfigurationPlatforms) = postSolution
		{221123CF-12A9-4073-B092-3816854BB404}.Debug|Any CPU.ActiveCfg = Debug|Any CPU
		{221123CF-12A9-4073-B092-3816854BB404}.Debug|Any CPU.Build.0 = Debug|Any CPU
		{221123CF-12A9-4073-B092-3816854BB404}.Release|Any CPU.ActiveCfg = Release|Any CPU
		{221123CF-12A9-4073-B092-3816854BB404}.Release|Any CPU.Build.0 = Release|Any CPU
		{C3F9E395-C3F0-455E-866C-04DE9206E90F}.Debug|Any CPU.ActiveCfg = Debug|Any CPU
		{C3F9E395-C3F0-455E-866C-04DE9206E90F}.Debug|Any CPU.Build.0 = Debug|Any CPU
		{C3F9E395-C3F0-455E-866C-04DE9206E90F}.Release|Any CPU.ActiveCfg = Release|Any CPU
		{C3F9E395-C3F0-455E-866C-04DE9206E90F}.Release|Any CPU.Build.0 = Release|Any CPU
		{D5CB00A8-F238-465C-B343-78380DDAA395}.Debug|Any CPU.ActiveCfg = Debug|Any CPU
		{D5CB00A8-F238-465C-B343-78380DDAA395}.Debug|Any CPU.Build.0 = Debug|Any CPU
		{D5CB00A8-F238-465C-B343-78380DDAA395}.Release|Any CPU.ActiveCfg = Release|Any CPU
		{D5CB00A8-F238-465C-B343-78380DDAA395}.Release|Any CPU.Build.0 = Release|Any CPU
	EndGlobalSection
	GlobalSection(SolutionProperties) = preSolution
		HideSolutionNode = FALSE
	EndGlobalSection
	GlobalSection(ExtensibilityGlobals) = postSolution
		SolutionGuid = {00597197-ADEA-4A21-81E7-A57008A72B41}
	EndGlobalSection
EndGlobal
